
Microsoft Visual Studio Solution File, Format Version 12.00
# Visual Studio Version 16
VisualStudioVersion = 16.0.31624.102
MinimumVisualStudioVersion = 10.0.40219.1
Project("{9A19103F-16F7-4668-BE54-9A1E7A4F7556}") = "CardProject1", "CardProject1\CardProject1.csproj", "{0A24D439-9C37-4693-8511-FB289491B466}"
EndProject
Project("{FAE04EC0-301F-11D3-BF4B-00C04F79EFBC}") = "CardProject1Tests", "CardProject1Tests\CardProject1Tests.csproj", "{142C31D9-67B6-40D9-8654-81BB5B2F2640}"
EndProject
Global
	GlobalSection(SolutionConfigurationPlatforms) = preSolution
		Debug|Any CPU = Debug|Any CPU
		Release|Any CPU = Release|Any CPU
	EndGlobalSection
	GlobalSection(ProjectConfigurationPlatforms) = postSolution
		{0A24D439-9C37-4693-8511-FB289491B466}.Debug|Any CPU.ActiveCfg = Debug|Any CPU
		{0A24D439-9C37-4693-8511-FB289491B466}.Debug|Any CPU.Build.0 = Debug|Any CPU
		{0A24D439-9C37-4693-8511-FB289491B466}.Release|Any CPU.ActiveCfg = Release|Any CPU
		{0A24D439-9C37-4693-8511-FB289491B466}.Release|Any CPU.Build.0 = Release|Any CPU
		{142C31D9-67B6-40D9-8654-81BB5B2F2640}.Debug|Any CPU.ActiveCfg = Debug|Any CPU
		{142C31D9-67B6-40D9-8654-81BB5B2F2640}.Debug|Any CPU.Build.0 = Debug|Any CPU
		{142C31D9-67B6-40D9-8654-81BB5B2F2640}.Release|Any CPU.ActiveCfg = Release|Any CPU
		{142C31D9-67B6-40D9-8654-81BB5B2F2640}.Release|Any CPU.Build.0 = Release|Any CPU
	EndGlobalSection
	GlobalSection(SolutionProperties) = preSolution
		HideSolutionNode = FALSE
	EndGlobalSection
	GlobalSection(ExtensibilityGlobals) = postSolution
		SolutionGuid = {811EA790-61F3-4899-B3CE-3C9EAC9C9E0E}
	EndGlobalSection
EndGlobal
